
Microsoft Visual Studio Solution File, Format Version 12.00
# Visual Studio 14
VisualStudioVersion = 14.0.23107.0
MinimumVisualStudioVersion = 10.0.40219.1
Project("{FAE04EC0-301F-11D3-BF4B-00C04F79EFBC}") = "MyShop.Web", "MyShop.Web\MyShop.Web.csproj", "{78BE045C-E1F6-4D11-B921-F44CC8C1FB95}"
EndProject
Project("{FAE04EC0-301F-11D3-BF4B-00C04F79EFBC}") = "MyShop.Service", "MyShop.Service\MyShop.Service.csproj", "{BF472FE1-DE11-4D9A-9B58-76B912F14D36}"
EndProject
Project("{FAE04EC0-301F-11D3-BF4B-00C04F79EFBC}") = "MyShop.Data", "MyShop.Data\MyShop.Data.csproj", "{BDDFC911-056A-4BCB-A937-9A895904DFF9}"
EndProject
Project("{FAE04EC0-301F-11D3-BF4B-00C04F79EFBC}") = "MyShop.Core", "MyShop.Core\MyShop.Core.csproj", "{948A064F-56C0-4E51-BD7A-B85B405448C1}"
EndProject
Global
	GlobalSection(SolutionConfigurationPlatforms) = preSolution
		Debug|Any CPU = Debug|Any CPU
		Release|Any CPU = Release|Any CPU
	EndGlobalSection
	GlobalSection(ProjectConfigurationPlatforms) = postSolution
		{78BE045C-E1F6-4D11-B921-F44CC8C1FB95}.Debug|Any CPU.ActiveCfg = Debug|Any CPU
		{78BE045C-E1F6-4D11-B921-F44CC8C1FB95}.Debug|Any CPU.Build.0 = Debug|Any CPU
		{78BE045C-E1F6-4D11-B921-F44CC8C1FB95}.Release|Any CPU.ActiveCfg = Release|Any CPU
		{78BE045C-E1F6-4D11-B921-F44CC8C1FB95}.Release|Any CPU.Build.0 = Release|Any CPU
		{BF472FE1-DE11-4D9A-9B58-76B912F14D36}.Debug|Any CPU.ActiveCfg = Debug|Any CPU
		{BF472FE1-DE11-4D9A-9B58-76B912F14D36}.Debug|Any CPU.Build.0 = Debug|Any CPU
		{BF472FE1-DE11-4D9A-9B58-76B912F14D36}.Release|Any CPU.ActiveCfg = Release|Any CPU
		{BF472FE1-DE11-4D9A-9B58-76B912F14D36}.Release|Any CPU.Build.0 = Release|Any CPU
		{BDDFC911-056A-4BCB-A937-9A895904DFF9}.Debug|Any CPU.ActiveCfg = Debug|Any CPU
		{BDDFC911-056A-4BCB-A937-9A895904DFF9}.Debug|Any CPU.Build.0 = Debug|Any CPU
		{BDDFC911-056A-4BCB-A937-9A895904DFF9}.Release|Any CPU.ActiveCfg = Release|Any CPU
		{BDDFC911-056A-4BCB-A937-9A895904DFF9}.Release|Any CPU.Build.0 = Release|Any CPU
		{948A064F-56C0-4E51-BD7A-B85B405448C1}.Debug|Any CPU.ActiveCfg = Debug|Any CPU
		{948A064F-56C0-4E51-BD7A-B85B405448C1}.Debug|Any CPU.Build.0 = Debug|Any CPU
		{948A064F-56C0-4E51-BD7A-B85B405448C1}.Release|Any CPU.ActiveCfg = Release|Any CPU
		{948A064F-56C0-4E51-BD7A-B85B405448C1}.Release|Any CPU.Build.0 = Release|Any CPU
	EndGlobalSection
	GlobalSection(SolutionProperties) = preSolution
		HideSolutionNode = FALSE
	EndGlobalSection
EndGlobal
